
Microsoft Visual Studio Solution File, Format Version 12.00
# Visual Studio Version 17
VisualStudioVersion = 17.2.32516.85
MinimumVisualStudioVersion = 10.0.40219.1
Project("{FAE04EC0-301F-11D3-BF4B-00C04F79EFBC}") = "CLSW-21-22-PolytechAPI-Token", "CLSW-21-22-PolytechAPI-Token\CLSW-21-22-PolytechAPI-Token.csproj", "{42F4CF3A-C044-4F00-9885-4C356C0F4771}"
EndProject
Global
	GlobalSection(SolutionConfigurationPlatforms) = preSolution
		Debug|Any CPU = Debug|Any CPU
		Release|Any CPU = Release|Any CPU
	EndGlobalSection
	GlobalSection(ProjectConfigurationPlatforms) = postSolution
		{42F4CF3A-C044-4F00-9885-4C356C0F4771}.Debug|Any CPU.ActiveCfg = Debug|Any CPU
		{42F4CF3A-C044-4F00-9885-4C356C0F4771}.Debug|Any CPU.Build.0 = Debug|Any CPU
		{42F4CF3A-C044-4F00-9885-4C356C0F4771}.Release|Any CPU.ActiveCfg = Release|Any CPU
		{42F4CF3A-C044-4F00-9885-4C356C0F4771}.Release|Any CPU.Build.0 = Release|Any CPU
	EndGlobalSection
	GlobalSection(SolutionProperties) = preSolution
		HideSolutionNode = FALSE
	EndGlobalSection
	GlobalSection(ExtensibilityGlobals) = postSolution
		SolutionGuid = {95A8182F-B68E-4B17-963E-D3AFA4550D09}
	EndGlobalSection
EndGlobal
